
Microsoft Visual Studio Solution File, Format Version 12.00
# Visual Studio Version 16
VisualStudioVersion = 16.0.30621.155
MinimumVisualStudioVersion = 10.0.40219.1
Project("{FAE04EC0-301F-11D3-BF4B-00C04F79EFBC}") = "ERPManagementSystem", "ERPManagementSystem\ERPManagementSystem.csproj", "{27FA315C-7FD5-4408-8CE2-A68930372C08}"
EndProject
Global
	GlobalSection(SolutionConfigurationPlatforms) = preSolution
		Debug|Any CPU = Debug|Any CPU
		Release|Any CPU = Release|Any CPU
	EndGlobalSection
	GlobalSection(ProjectConfigurationPlatforms) = postSolution
		{27FA315C-7FD5-4408-8CE2-A68930372C08}.Debug|Any CPU.ActiveCfg = Debug|Any CPU
		{27FA315C-7FD5-4408-8CE2-A68930372C08}.Debug|Any CPU.Build.0 = Debug|Any CPU
		{27FA315C-7FD5-4408-8CE2-A68930372C08}.Release|Any CPU.ActiveCfg = Release|Any CPU
		{27FA315C-7FD5-4408-8CE2-A68930372C08}.Release|Any CPU.Build.0 = Release|Any CPU
	EndGlobalSection
	GlobalSection(SolutionProperties) = preSolution
		HideSolutionNode = FALSE
	EndGlobalSection
	GlobalSection(ExtensibilityGlobals) = postSolution
		SolutionGuid = {64ACE4BB-BE00-4235-930A-8BF19FB66900}
	EndGlobalSection
EndGlobal
